
Microsoft Visual Studio Solution File, Format Version 12.00
Project("{FAE04EC0-301F-11D3-BF4B-00C04F79EFBC}") = "Van", "Van\Van.csproj", "{9BBD9D00-7776-44B4-8B23-77434E894C0E}"
EndProject
Project("{FAE04EC0-301F-11D3-BF4B-00C04F79EFBC}") = "Billy", "Billy\Billy.csproj", "{D5A0788A-BFB2-47B3-AC89-4674A98431BB}"
EndProject
Global
	GlobalSection(SolutionConfigurationPlatforms) = preSolution
		Debug|Any CPU = Debug|Any CPU
		Release|Any CPU = Release|Any CPU
	EndGlobalSection
	GlobalSection(ProjectConfigurationPlatforms) = postSolution
		{9BBD9D00-7776-44B4-8B23-77434E894C0E}.Debug|Any CPU.ActiveCfg = Debug|Any CPU
		{9BBD9D00-7776-44B4-8B23-77434E894C0E}.Debug|Any CPU.Build.0 = Debug|Any CPU
		{9BBD9D00-7776-44B4-8B23-77434E894C0E}.Release|Any CPU.ActiveCfg = Release|Any CPU
		{9BBD9D00-7776-44B4-8B23-77434E894C0E}.Release|Any CPU.Build.0 = Release|Any CPU
		{D5A0788A-BFB2-47B3-AC89-4674A98431BB}.Debug|Any CPU.ActiveCfg = Debug|Any CPU
		{D5A0788A-BFB2-47B3-AC89-4674A98431BB}.Debug|Any CPU.Build.0 = Debug|Any CPU
		{D5A0788A-BFB2-47B3-AC89-4674A98431BB}.Release|Any CPU.ActiveCfg = Release|Any CPU
		{D5A0788A-BFB2-47B3-AC89-4674A98431BB}.Release|Any CPU.Build.0 = Release|Any CPU
	EndGlobalSection
EndGlobal
